Microsoft Visual Studio Solution File, Format Version 12.00
# Visual Studio Version 17
VisualStudioVersion = 17.5.33502.453
MinimumVisualStudioVersion = 10.0.40219.1
Project("{2150E333-8FDC-42A3-9474-1A3956D46DE8}") = "Solution Items", "Solution Items", "{C8D1E390-F0E1-4910-9398-528B28C83D9C}"
	ProjectSection(SolutionItems) = preProject
		.editorconfig = .editorconfig
		Directory.Build.props = Directory.Build.props
		FodyWeavers.xml = FodyWeavers.xml
		readme.md = readme.md
	EndProjectSection
EndProject
Project("{9A19103F-16F7-4668-BE54-9A1E7A4F7556}") = "PluginPile.Common", "PluginPile.Common\PluginPile.Common.csproj", "{B8272072-CF5B-4795-8DD6-E5F9492D8EE2}"
EndProject
Project("{9A19103F-16F7-4668-BE54-9A1E7A4F7556}") = "PluginPile.Sorting", "PluginPile.Sorting\PluginPile.Sorting.csproj", "{7520FFC0-BB7F-4F6B-95E9-10334530B9B7}"
EndProject
Project("{9A19103F-16F7-4668-BE54-9A1E7A4F7556}") = "PluginPile.RaidImporter", "PluginPile.RaidImporter\PluginPile.RaidImporter.csproj", "{7930B3A7-BA46-4E12-BE66-85421992EF54}"
EndProject
Project("{9A19103F-16F7-4668-BE54-9A1E7A4F7556}") = "PluginPile.SVivillon", "PluginPile.SVivillon\PluginPile.SVivillon.csproj", "{B287B88F-33B4-4FDF-8110-80D12DEC56FB}"
EndProject
Project("{9A19103F-16F7-4668-BE54-9A1E7A4F7556}") = "PluginPile.FashionEditor", "PluginPile.FashionEditor\PluginPile.FashionEditor.csproj", "{DDE40578-85DD-41F5-BD7D-A721657C7B2C}"
EndProject
Project("{9A19103F-16F7-4668-BE54-9A1E7A4F7556}") = "PluginPile.SVProfilePictureViewer", "PluginPile.SVProfilePictureViewer\PluginPile.SVProfilePictureViewer.csproj", "{03A09A42-C21D-4CB0-8685-6464CC950C90}"
EndProject
Project("{9A19103F-16F7-4668-BE54-9A1E7A4F7556}") = "PluginPile", "PluginPile\PluginPile.csproj", "{42993FCD-BE0F-4224-A157-A3653EDC1BD6}"
EndProject
Project("{9A19103F-16F7-4668-BE54-9A1E7A4F7556}") = "PluginPile.Unmaintained.ThreeFinder", "Unmaintained\PluginPile.Unmaintained.ThreeFinder\PluginPile.Unmaintained.ThreeFinder.csproj", "{A2DB1F31-4192-4965-B720-D36BF522DCA3}"
EndProject
Project("{9A19103F-16F7-4668-BE54-9A1E7A4F7556}") = "PluginPile.Unmaintained.SwShEventEditor", "Unmaintained\PluginPile.Unmaintained.SwShEventEditor\PluginPile.Unmaintained.SwShEventEditor.csproj", "{6A9A2EC3-0884-4EE5-932C-A29E3AB01B69}"
EndProject
Project("{9A19103F-16F7-4668-BE54-9A1E7A4F7556}") = "PluginPile.Unmaintained.SwShRaidTool", "Unmaintained\PluginPile.Unmaintained.SwShRaidTool\PluginPile.Unmaintained.SwShRaidTool.csproj", "{EC6E434D-101D-4F0C-B5D6-E133B4093A53}"
EndProject
Global
	GlobalSection(SolutionConfigurationPlatforms) = preSolution
		Debug|Any CPU = Debug|Any CPU
		Release|Any CPU = Release|Any CPU
	EndGlobalSection
	GlobalSection(ProjectConfigurationPlatforms) = postSolution
		{B8272072-CF5B-4795-8DD6-E5F9492D8EE2}.Debug|Any CPU.ActiveCfg = Debug|Any CPU
		{B8272072-CF5B-4795-8DD6-E5F9492D8EE2}.Debug|Any CPU.Build.0 = Debug|Any CPU
		{B8272072-CF5B-4795-8DD6-E5F9492D8EE2}.Release|Any CPU.ActiveCfg = Release|Any CPU
		{B8272072-CF5B-4795-8DD6-E5F9492D8EE2}.Release|Any CPU.Build.0 = Release|Any CPU
		{7520FFC0-BB7F-4F6B-95E9-10334530B9B7}.Debug|Any CPU.ActiveCfg = Debug|Any CPU
		{7520FFC0-BB7F-4F6B-95E9-10334530B9B7}.Debug|Any CPU.Build.0 = Debug|Any CPU
		{7520FFC0-BB7F-4F6B-95E9-10334530B9B7}.Release|Any CPU.ActiveCfg = Release|Any CPU
		{7520FFC0-BB7F-4F6B-95E9-10334530B9B7}.Release|Any CPU.Build.0 = Release|Any CPU
		{7930B3A7-BA46-4E12-BE66-85421992EF54}.Debug|Any CPU.ActiveCfg = Debug|Any CPU
		{7930B3A7-BA46-4E12-BE66-85421992EF54}.Debug|Any CPU.Build.0 = Debug|Any CPU
		{7930B3A7-BA46-4E12-BE66-85421992EF54}.Release|Any CPU.ActiveCfg = Release|Any CPU
		{7930B3A7-BA46-4E12-BE66-85421992EF54}.Release|Any CPU.Build.0 = Release|Any CPU
		{B287B88F-33B4-4FDF-8110-80D12DEC56FB}.Debug|Any CPU.ActiveCfg = Debug|Any CPU
		{B287B88F-33B4-4FDF-8110-80D12DEC56FB}.Debug|Any CPU.Build.0 = Debug|Any CPU
		{B287B88F-33B4-4FDF-8110-80D12DEC56FB}.Release|Any CPU.ActiveCfg = Release|Any CPU
		{B287B88F-33B4-4FDF-8110-80D12DEC56FB}.Release|Any CPU.Build.0 = Release|Any CPU
		{DDE40578-85DD-41F5-BD7D-A721657C7B2C}.Debug|Any CPU.ActiveCfg = Debug|Any CPU
		{DDE40578-85DD-41F5-BD7D-A721657C7B2C}.Debug|Any CPU.Build.0 = Debug|Any CPU
		{DDE40578-85DD-41F5-BD7D-A721657C7B2C}.Release|Any CPU.ActiveCfg = Release|Any CPU
		{DDE40578-85DD-41F5-BD7D-A721657C7B2C}.Release|Any CPU.Build.0 = Release|Any CPU
		{03A09A42-C21D-4CB0-8685-6464CC950C90}.Debug|Any CPU.ActiveCfg = Debug|Any CPU
		{03A09A42-C21D-4CB0-8685-6464CC950C90}.Debug|Any CPU.Build.0 = Debug|Any CPU
		{03A09A42-C21D-4CB0-8685-6464CC950C90}.Release|Any CPU.ActiveCfg = Release|Any CPU
		{03A09A42-C21D-4CB0-8685-6464CC950C90}.Release|Any CPU.Build.0 = Release|Any CPU
		{42993FCD-BE0F-4224-A157-A3653EDC1BD6}.Debug|Any CPU.ActiveCfg = Debug|Any CPU
		{42993FCD-BE0F-4224-A157-A3653EDC1BD6}.Debug|Any CPU.Build.0 = Debug|Any CPU
		{42993FCD-BE0F-4224-A157-A3653EDC1BD6}.Release|Any CPU.ActiveCfg = Release|Any CPU
		{42993FCD-BE0F-4224-A157-A3653EDC1BD6}.Release|Any CPU.Build.0 = Release|Any CPU
		{A2DB1F31-4192-4965-B720-D36BF522DCA3}.Debug|Any CPU.ActiveCfg = Debug|Any CPU
		{A2DB1F31-4192-4965-B720-D36BF522DCA3}.Debug|Any CPU.Build.0 = Debug|Any CPU
		{A2DB1F31-4192-4965-B720-D36BF522DCA3}.Release|Any CPU.ActiveCfg = Release|Any CPU
		{A2DB1F31-4192-4965-B720-D36BF522DCA3}.Release|Any CPU.Build.0 = Release|Any CPU
		{6A9A2EC3-0884-4EE5-932C-A29E3AB01B69}.Debug|Any CPU.ActiveCfg = Debug|Any CPU
		{6A9A2EC3-0884-4EE5-932C-A29E3AB01B69}.Debug|Any CPU.Build.0 = Debug|Any CPU
		{6A9A2EC3-0884-4EE5-932C-A29E3AB01B69}.Release|Any CPU.ActiveCfg = Release|Any CPU
		{6A9A2EC3-0884-4EE5-932C-A29E3AB01B69}.Release|Any CPU.Build.0 = Release|Any CPU
		{EC6E434D-101D-4F0C-B5D6-E133B4093A53}.Debug|Any CPU.ActiveCfg = Debug|x64
		{EC6E434D-101D-4F0C-B5D6-E133B4093A53}.Debug|Any CPU.Build.0 = Debug|x64
		{EC6E434D-101D-4F0C-B5D6-E133B4093A53}.Release|Any CPU.ActiveCfg = Release|x64
		{EC6E434D-101D-4F0C-B5D6-E133B4093A53}.Release|Any CPU.Build.0 = Release|x64
	EndGlobalSection
	GlobalSection(SolutionProperties) = preSolution
		HideSolutionNode = FALSE
	EndGlobalSection
	GlobalSection(ExtensibilityGlobals) = postSolution
		SolutionGuid = {11D2A59A-138D-4732-A900-DEF52B7BCB89}
	EndGlobalSection
EndGlobal
