Microsoft Visual Studio Solution File, Format Version 12.00
# Visual Studio Version 17
VisualStudioVersion = 17.5.33502.453
MinimumVisualStudioVersion = 10.0.40219.1
Project("{2150E333-8FDC-42A3-9474-1A3956D46DE8}") = "Solution Items", "Solution Items", "{C8D1E390-F0E1-4910-9398-528B28C83D9C}"
	ProjectSection(SolutionItems) = preProject
		.editorconfig = .editorconfig
		Directory.Build.props = Directory.Build.props
		FodyWeavers.xml = FodyWeavers.xml
		readme.md = readme.md
	EndProjectSection
EndProject
Project("{9A19103F-16F7-4668-BE54-9A1E7A4F7556}") = "PluginPile.Common", "PluginPile.Common\PluginPile.Common.csproj", "{B8272072-CF5B-4795-8DD6-E5F9492D8EE2}"
EndProject
Project("{9A19103F-16F7-4668-BE54-9A1E7A4F7556}") = "PluginPile.Sorting", "PluginPile.Sorting\PluginPile.Sorting.csproj", "{7520FFC0-BB7F-4F6B-95E9-10334530B9B7}"
EndProject
Project("{9A19103F-16F7-4668-BE54-9A1E7A4F7556}") = "PluginPile.RaidImporter", "PluginPile.RaidImporter\PluginPile.RaidImporter.csproj", "{7930B3A7-BA46-4E12-BE66-85421992EF54}"
EndProject
Project("{9A19103F-16F7-4668-BE54-9A1E7A4F7556}") = "PluginPile.SVivillon", "PluginPile.SVivillon\PluginPile.SVivillon.csproj", "{B287B88F-33B4-4FDF-8110-80D12DEC56FB}"
EndProject
Project("{9A19103F-16F7-4668-BE54-9A1E7A4F7556}") = "PluginPile.FashionEditor", "PluginPile.FashionEditor\PluginPile.FashionEditor.csproj", "{DDE40578-85DD-41F5-BD7D-A721657C7B2C}"
EndProject
Project("{9A19103F-16F7-4668-BE54-9A1E7A4F7556}") = "PluginPile.SVProfilePictureViewer", "PluginPile.SVProfilePictureViewer\PluginPile.SVProfilePictureViewer.csproj", "{03A09A42-C21D-4CB0-8685-6464CC950C90}"
EndProject
Project("{9A19103F-16F7-4668-BE54-9A1E7A4F7556}") = "PluginPile", "PluginPile\PluginPile.csproj", "{42993FCD-BE0F-4224-A157-A3653EDC1BD6}"
EndProject
Project("{9A19103F-16F7-4668-BE54-9A1E7A4F7556}") = "PluginPile.Unmaintained.ThreeFinder", "Unmaintained\PluginPile.Unmaintained.ThreeFinder\PluginPile.Unmaintained.ThreeFinder.csproj", "{A2DB1F31-4192-4965-B720-D36BF522DCA3}"
EndProject
Project("{9A19103F-16F7-4668-BE54-9A1E7A4F7556}") = "PluginPile.Unmaintained.SwShEventEditor", "Unmaintained\PluginPile.Unmaintained.SwShEventEditor\PluginPile.Unmaintained.SwShEventEditor.csproj", "{6A9A2EC3-0884-4EE5-932C-A29E3AB01B69}"
EndProject
Project("{9A19103F-16F7-4668-BE54-9A1E7A4F7556}") = "PluginPile.Unmaintained.SwShRaidTool", "Unmaintained\PluginPile.Unmaintained.SwShRaidTool\PluginPile.Unmaintained.SwShRaidTool.csproj", "{EC6E434D-101D-4F0C-B5D6-E133B4093A53}"
EndProject
Project("{9A19103F-16F7-4668-BE54-9A1E7A4F7556}") = "PluginPile.TMTool", "PluginPile.TMTool\PluginPile.TMTool.csproj", "{3E54334B-8DCD-4627-9D01-3A1E38EA67EF}"
EndProject
Project("{9A19103F-16F7-4668-BE54-9A1E7A4F7556}") = "PluginPile.RoamerTool", "PluginPile.RoamerTool\PluginPile.RoamerTool.csproj", "{97B23E37-C89B-48D8-A03D-83BD049DE76E}"
EndProject
Project("{9A19103F-16F7-4668-BE54-9A1E7A4F7556}") = "PluginPile.TeamViewer", "PluginPile.TeamViewer\PluginPile.TeamViewer.csproj", "{34FF1A80-E93F-456C-91A5-CF5A7F43017D}"
EndProject
Project("{9A19103F-16F7-4668-BE54-9A1E7A4F7556}") = "PluginPile.Unmaintained.AutoModQRPlugins", "Unmaintained\PluginPile.Unmaintained.AutoModQRPlugins\PluginPile.Unmaintained.AutoModQRPlugins.csproj", "{E0366507-E690-46CA-AC69-0A8B91956BA4}"
EndProject
Project("{9A19103F-16F7-4668-BE54-9A1E7A4F7556}") = "PluginPile.Unmaintained.BWTool", "Unmaintained\PluginPile.Unmaintained.BWTool\PluginPile.Unmaintained.BWTool.csproj", "{7B0F1BBB-0308-4466-AE42-2E52F86D5219}"
EndProject
Global
	GlobalSection(SolutionConfigurationPlatforms) = preSolution
		Debug|x64 = Debug|x64
		Release|x64 = Release|x64
	EndGlobalSection
	GlobalSection(ProjectConfigurationPlatforms) = postSolution
		{B8272072-CF5B-4795-8DD6-E5F9492D8EE2}.Debug|x64.ActiveCfg = Debug|x64
		{B8272072-CF5B-4795-8DD6-E5F9492D8EE2}.Debug|x64.Build.0 = Debug|x64
		{B8272072-CF5B-4795-8DD6-E5F9492D8EE2}.Release|x64.ActiveCfg = Release|x64
		{B8272072-CF5B-4795-8DD6-E5F9492D8EE2}.Release|x64.Build.0 = Release|x64
		{7520FFC0-BB7F-4F6B-95E9-10334530B9B7}.Debug|x64.ActiveCfg = Debug|x64
		{7520FFC0-BB7F-4F6B-95E9-10334530B9B7}.Debug|x64.Build.0 = Debug|x64
		{7520FFC0-BB7F-4F6B-95E9-10334530B9B7}.Release|x64.ActiveCfg = Release|x64
		{7520FFC0-BB7F-4F6B-95E9-10334530B9B7}.Release|x64.Build.0 = Release|x64
		{7930B3A7-BA46-4E12-BE66-85421992EF54}.Debug|x64.ActiveCfg = Debug|x64
		{7930B3A7-BA46-4E12-BE66-85421992EF54}.Debug|x64.Build.0 = Debug|x64
		{7930B3A7-BA46-4E12-BE66-85421992EF54}.Release|x64.ActiveCfg = Release|x64
		{7930B3A7-BA46-4E12-BE66-85421992EF54}.Release|x64.Build.0 = Release|x64
		{B287B88F-33B4-4FDF-8110-80D12DEC56FB}.Debug|x64.ActiveCfg = Debug|x64
		{B287B88F-33B4-4FDF-8110-80D12DEC56FB}.Debug|x64.Build.0 = Debug|x64
		{B287B88F-33B4-4FDF-8110-80D12DEC56FB}.Release|x64.ActiveCfg = Release|x64
		{B287B88F-33B4-4FDF-8110-80D12DEC56FB}.Release|x64.Build.0 = Release|x64
		{DDE40578-85DD-41F5-BD7D-A721657C7B2C}.Debug|x64.ActiveCfg = Debug|x64
		{DDE40578-85DD-41F5-BD7D-A721657C7B2C}.Debug|x64.Build.0 = Debug|x64
		{DDE40578-85DD-41F5-BD7D-A721657C7B2C}.Release|x64.ActiveCfg = Release|x64
		{DDE40578-85DD-41F5-BD7D-A721657C7B2C}.Release|x64.Build.0 = Release|x64
		{03A09A42-C21D-4CB0-8685-6464CC950C90}.Debug|x64.ActiveCfg = Debug|x64
		{03A09A42-C21D-4CB0-8685-6464CC950C90}.Debug|x64.Build.0 = Debug|x64
		{03A09A42-C21D-4CB0-8685-6464CC950C90}.Release|x64.ActiveCfg = Release|x64
		{03A09A42-C21D-4CB0-8685-6464CC950C90}.Release|x64.Build.0 = Release|x64
		{42993FCD-BE0F-4224-A157-A3653EDC1BD6}.Debug|x64.ActiveCfg = Debug|x64
		{42993FCD-BE0F-4224-A157-A3653EDC1BD6}.Debug|x64.Build.0 = Debug|x64
		{42993FCD-BE0F-4224-A157-A3653EDC1BD6}.Release|x64.ActiveCfg = Release|x64
		{42993FCD-BE0F-4224-A157-A3653EDC1BD6}.Release|x64.Build.0 = Release|x64
		{A2DB1F31-4192-4965-B720-D36BF522DCA3}.Debug|x64.ActiveCfg = Debug|x64
		{A2DB1F31-4192-4965-B720-D36BF522DCA3}.Debug|x64.Build.0 = Debug|x64
		{A2DB1F31-4192-4965-B720-D36BF522DCA3}.Release|x64.ActiveCfg = Release|x64
		{A2DB1F31-4192-4965-B720-D36BF522DCA3}.Release|x64.Build.0 = Release|x64
		{6A9A2EC3-0884-4EE5-932C-A29E3AB01B69}.Debug|x64.ActiveCfg = Debug|x64
		{6A9A2EC3-0884-4EE5-932C-A29E3AB01B69}.Debug|x64.Build.0 = Debug|x64
		{6A9A2EC3-0884-4EE5-932C-A29E3AB01B69}.Release|x64.ActiveCfg = Release|x64
		{6A9A2EC3-0884-4EE5-932C-A29E3AB01B69}.Release|x64.Build.0 = Release|x64
		{EC6E434D-101D-4F0C-B5D6-E133B4093A53}.Debug|x64.ActiveCfg = Debug|x64
		{EC6E434D-101D-4F0C-B5D6-E133B4093A53}.Debug|x64.Build.0 = Debug|x64
		{EC6E434D-101D-4F0C-B5D6-E133B4093A53}.Release|x64.ActiveCfg = Release|x64
		{EC6E434D-101D-4F0C-B5D6-E133B4093A53}.Release|x64.Build.0 = Release|x64
		{3E54334B-8DCD-4627-9D01-3A1E38EA67EF}.Debug|x64.ActiveCfg = Debug|x64
		{3E54334B-8DCD-4627-9D01-3A1E38EA67EF}.Debug|x64.Build.0 = Debug|x64
		{3E54334B-8DCD-4627-9D01-3A1E38EA67EF}.Release|x64.ActiveCfg = Release|x64
		{3E54334B-8DCD-4627-9D01-3A1E38EA67EF}.Release|x64.Build.0 = Release|x64
		{97B23E37-C89B-48D8-A03D-83BD049DE76E}.Debug|x64.ActiveCfg = Debug|x64
		{97B23E37-C89B-48D8-A03D-83BD049DE76E}.Debug|x64.Build.0 = Debug|x64
		{97B23E37-C89B-48D8-A03D-83BD049DE76E}.Release|x64.ActiveCfg = Release|x64
		{97B23E37-C89B-48D8-A03D-83BD049DE76E}.Release|x64.Build.0 = Release|x64
		{34FF1A80-E93F-456C-91A5-CF5A7F43017D}.Debug|x64.ActiveCfg = Debug|x64
		{34FF1A80-E93F-456C-91A5-CF5A7F43017D}.Debug|x64.Build.0 = Debug|x64
		{34FF1A80-E93F-456C-91A5-CF5A7F43017D}.Release|x64.ActiveCfg = Release|x64
		{34FF1A80-E93F-456C-91A5-CF5A7F43017D}.Release|x64.Build.0 = Release|x64
		{E0366507-E690-46CA-AC69-0A8B91956BA4}.Debug|x64.ActiveCfg = Debug|x64
		{E0366507-E690-46CA-AC69-0A8B91956BA4}.Debug|x64.Build.0 = Debug|x64
		{E0366507-E690-46CA-AC69-0A8B91956BA4}.Release|x64.ActiveCfg = Release|x64
		{E0366507-E690-46CA-AC69-0A8B91956BA4}.Release|x64.Build.0 = Release|x64
		{7B0F1BBB-0308-4466-AE42-2E52F86D5219}.Debug|x64.ActiveCfg = Debug|x64
		{7B0F1BBB-0308-4466-AE42-2E52F86D5219}.Debug|x64.Build.0 = Debug|x64
		{7B0F1BBB-0308-4466-AE42-2E52F86D5219}.Release|x64.ActiveCfg = Release|x64
		{7B0F1BBB-0308-4466-AE42-2E52F86D5219}.Release|x64.Build.0 = Release|x64
	EndGlobalSection
	GlobalSection(SolutionProperties) = preSolution
		HideSolutionNode = FALSE
	EndGlobalSection
	GlobalSection(ExtensibilityGlobals) = postSolution
		SolutionGuid = {11D2A59A-138D-4732-A900-DEF52B7BCB89}
	EndGlobalSection
EndGlobal
